github.com/mkch/gg v0.0.0-20251224113603-2b3158a5031e h1:Z6xdyHeJDt8BkGziDYv8kPJErXmde5PeriylECTV3QA=
github.com/mkch/gg v0.0.0-20251224113603-2b3158a5031e/go.mod h1:U5RQAS2LPwnWs/CX+LwZOioBmDcK3htt8yZe0PUAk04=
github.com/mkch/gw v0.0.0-20251119125618-7a7edd46be89 h1:QD5rWQ11nzKpGh6HK/Ss8QocZs1WsTK7fOUceKK3NeY=
github.com/mkch/gw v0.0.0-20251119125618-7a7edd46be89/go.mod h1:syClrHyKaqi47DlKkOdNW+K4apY6OBD4kLWALsq6C3Q=
golang.org/x/exp v0.0.0-20231206192017-f3f8817b8deb h1:c0vyKkb6yr3KR7jEfJaOSv4lG7xPkbN6r52aJz1d8a8=
golang.org/x/exp v0.0.0-20231206192017-f3f8817b8deb/go.mod h1:iRJReGqOEeBhDZGkGbynYwcHlctCvnjTYIamk7uXpHI=
golang.org/x/sys v0.15.0 h1:h48lPFYpsTvQJZF4EKyI4aLHaev3CxivZmv7yZig9pc=
golang.org/x/sys v0.15.0/go.mod h1:/VUhepiaJMQUp4+oa/7Zr1D23ma6VTLIYjOOTFZPUcA=
